
Microsoft Visual Studio Solution File, Format Version 12.00
# Visual Studio Version 17
VisualStudioVersion = 17.3.32811.315
MinimumVisualStudioVersion = 10.0.40219.1
Project("{FAE04EC0-301F-11D3-BF4B-00C04F79EFBC}") = "ReverseNumber", "ReverseNumber.csproj", "{703E8765-853B-4245-82F9-04F7AD8BC18D}"
EndProject
Global
	GlobalSection(SolutionConfigurationPlatforms) = preSolution
		Debug|Any CPU = Debug|Any CPU
		Release|Any CPU = Release|Any CPU
	EndGlobalSection
	GlobalSection(ProjectConfigurationPlatforms) = postSolution
		{703E8765-853B-4245-82F9-04F7AD8BC18D}.Debug|Any CPU.ActiveCfg = Debug|Any CPU
		{703E8765-853B-4245-82F9-04F7AD8BC18D}.Debug|Any CPU.Build.0 = Debug|Any CPU
		{703E8765-853B-4245-82F9-04F7AD8BC18D}.Release|Any CPU.ActiveCfg = Release|Any CPU
		{703E8765-853B-4245-82F9-04F7AD8BC18D}.Release|Any CPU.Build.0 = Release|Any CPU
	EndGlobalSection
	GlobalSection(SolutionProperties) = preSolution
		HideSolutionNode = FALSE
	EndGlobalSection
	GlobalSection(ExtensibilityGlobals) = postSolution
		SolutionGuid = {B071C21C-7842-46A5-A9CB-916FED38DDC4}
	EndGlobalSection
EndGlobal
